// !$*UTF8*$!
{
	archiveVersion = 1;
	classes = {
	};
	objectVersion = 56;
	objects = {

/* Begin PBXBuildFile section */
		CC16EC822952A71900CF7269 /* WidgetExerciseApp.swift in Sources */ = {isa = PBXBuildFile; fileRef = CC16EC812952A71900CF7269 /* WidgetExerciseApp.swift */; };
		CC16EC842952A71900CF7269 /* ContentView.swift in Sources */ = {isa = PBXBuildFile; fileRef = CC16EC832952A71900CF7269 /* ContentView.swift */; };
		CC16EC862952A71D00CF7269 /* Assets.xcassets in Resources */ = {isa = PBXBuildFile; fileRef = CC16EC852952A71D00CF7269 /* Assets.xcassets */; };
		CC16EC892952A71D00CF7269 /* Preview Assets.xcassets in Resources */ = {isa = PBXBuildFile; fileRef = CC16EC882952A71D00CF7269 /* Preview Assets.xcassets */; };
		CC5AC4FD2952D43D0074DC46 /* WidgetKit.framework in Frameworks */ = {isa = PBXBuildFile; fileRef = CC16EC952952A87B00CF7269 /* WidgetKit.framework */; };
		CC5AC4FE2952D43D0074DC46 /* SwiftUI.framework in Frameworks */ = {isa = PBXBuildFile; fileRef = CC16EC972952A87C00CF7269 /* SwiftUI.framework */; };
		CC5AC5012952D43E0074DC46 /* MyWidgetBundle.swift in Sources */ = {isa = PBXBuildFile; fileRef = CC5AC5002952D43E0074DC46 /* MyWidgetBundle.swift */; };
		CC5AC5052952D43E0074DC46 /* MyWidget.swift in Sources */ = {isa = PBXBuildFile; fileRef = CC5AC5042952D43E0074DC46 /* MyWidget.swift */; };
		CC5AC5072952D4430074DC46 /* Assets.xcassets in Resources */ = {isa = PBXBuildFile; fileRef = CC5AC5062952D4430074DC46 /* Assets.xcassets */; };
		CC5AC50B2952D4430074DC46 /* MyWidgetExtension.appex in Embed Foundation Extensions */ = {isa = PBXBuildFile; fileRef = CC5AC4FC2952D43D0074DC46 /* MyWidgetExtension.appex */; settings = {ATTRIBUTES = (RemoveHeadersOnCopy, ); }; };
/* End PBXBuildFile section */

/* Begin PBXContainerItemProxy section */
		CC5AC5092952D4430074DC46 /* PBXContainerItemProxy */ = {
			isa = PBXContainerItemProxy;
			containerPortal = CC16EC762952A71900CF7269 /* Project object */;
			proxyType = 1;
			remoteGlobalIDString = CC5AC4FB2952D43D0074DC46;
			remoteInfo = MyWidgetExtension;
		};
/* End PBXContainerItemProxy section */

/* Begin PBXCopyFilesBuildPhase section */
		CC16ECAC2952A88E00CF7269 /* Embed Foundation Extensions */ = {
			isa = PBXCopyFilesBuildPhase;
			buildActionMask = 2147483647;
			dstPath = "";
			dstSubfolderSpec = 13;
			files = (
				CC5AC50B2952D4430074DC46 /* MyWidgetExtension.appex in Embed Foundation Extensions */,
			);
			name = "Embed Foundation Extensions";
			runOnlyForDeploymentPostprocessing = 0;
		};
/* End PBXCopyFilesBuildPhase section */

/* Begin PBXFileReference section */
		CC16EC7E2952A71900CF7269 /* WidgetExercise.app */ = {isa = PBXFileReference; explicitFileType = wrapper.application; includeInIndex = 0; path = WidgetExercise.app; sourceTree = BUILT_PRODUCTS_DIR; };
		CC16EC812952A71900CF7269 /* WidgetExerciseApp.swift */ = {isa = PBXFileReference; lastKnownFileType = sourcecode.swift; path = WidgetExerciseApp.swift; sourceTree = "<group>"; };
		CC16EC832952A71900CF7269 /* ContentView.swift */ = {isa = PBXFileReference; lastKnownFileType = sourcecode.swift; path = ContentView.swift; sourceTree = "<group>"; };
		CC16EC852952A71D00CF7269 /* Assets.xcassets */ = {isa = PBXFileReference; lastKnownFileType = folder.assetcatalog; path = Assets.xcassets; sourceTree = "<group>"; };
		CC16EC882952A71D00CF7269 /* Preview Assets.xcassets */ = {isa = PBXFileReference; lastKnownFileType = folder.assetcatalog; path = "Preview Assets.xcassets"; sourceTree = "<group>"; };
		CC16EC952952A87B00CF7269 /* WidgetKit.framework */ = {isa = PBXFileReference; lastKnownFileType = wrapper.framework; name = WidgetKit.framework; path = System/Library/Frameworks/WidgetKit.framework; sourceTree = SDKROOT; };
		CC16EC972952A87C00CF7269 /* SwiftUI.framework */ = {isa = PBXFileReference; lastKnownFileType = wrapper.framework; name = SwiftUI.framework; path = System/Library/Frameworks/SwiftUI.framework; sourceTree = SDKROOT; };
		CC5AC4FC2952D43D0074DC46 /* MyWidgetExtension.appex */ = {isa = PBXFileReference; explicitFileType = "wrapper.app-extension"; includeInIndex = 0; path = MyWidgetExtension.appex; sourceTree = BUILT_PRODUCTS_DIR; };
		CC5AC5002952D43E0074DC46 /* MyWidgetBundle.swift */ = {isa = PBXFileReference; lastKnownFileType = sourcecode.swift; path = MyWidgetBundle.swift; sourceTree = "<group>"; };
		CC5AC5042952D43E0074DC46 /* MyWidget.swift */ = {isa = PBXFileReference; lastKnownFileType = sourcecode.swift; path = MyWidget.swift; sourceTree = "<group>"; };
		CC5AC5062952D4430074DC46 /* Assets.xcassets */ = {isa = PBXFileReference; lastKnownFileType = folder.assetcatalog; path = Assets.xcassets; sourceTree = "<group>"; };
		CC5AC5082952D4430074DC46 /* Info.plist */ = {isa = PBXFileReference; lastKnownFileType = text.plist.xml; path = Info.plist; sourceTree = "<group>"; };
		CC5AC50F295354E50074DC46 /* WidgetExercise.entitlements */ = {isa = PBXFileReference; lastKnownFileType = text.plist.entitlements; path = WidgetExercise.entitlements; sourceTree = "<group>"; };
		CC5AC510295356FD0074DC46 /* MyWidgetExtension.entitlements */ = {isa = PBXFileReference; lastKnownFileType = text.plist.entitlements; path = MyWidgetExtension.entitlements; sourceTree = "<group>"; };
/* End PBXFileReference section */

/* Begin PBXFrameworksBuildPhase section */
		CC16EC7B2952A71900CF7269 /* Frameworks */ = {
			isa = PBXFrameworksBuildPhase;
			buildActionMask = 2147483647;
			files = (
			);
			runOnlyForDeploymentPostprocessing = 0;
		};
		CC5AC4F92952D43D0074DC46 /* Frameworks */ = {
			isa = PBXFrameworksBuildPhase;
			buildActionMask = 2147483647;
			files = (
				CC5AC4FE2952D43D0074DC46 /* SwiftUI.framework in Frameworks */,
				CC5AC4FD2952D43D0074DC46 /* WidgetKit.framework in Frameworks */,
			);
			runOnlyForDeploymentPostprocessing = 0;
		};
/* End PBXFrameworksBuildPhase section */

/* Begin PBXGroup section */
		CC16EC752952A71900CF7269 = {
			isa = PBXGroup;
			children = (
				CC5AC510295356FD0074DC46 /* MyWidgetExtension.entitlements */,
				CC16EC802952A71900CF7269 /* WidgetExercise */,
				CC5AC4FF2952D43E0074DC46 /* MyWidget */,
				CC16EC942952A87B00CF7269 /* Frameworks */,
				CC16EC7F2952A71900CF7269 /* Products */,
			);
			sourceTree = "<group>";
		};
		CC16EC7F2952A71900CF7269 /* Products */ = {
			isa = PBXGroup;
			children = (
				CC16EC7E2952A71900CF7269 /* WidgetExercise.app */,
				CC5AC4FC2952D43D0074DC46 /* MyWidgetExtension.appex */,
			);
			name = Products;
			sourceTree = "<group>";
		};
		CC16EC802952A71900CF7269 /* WidgetExercise */ = {
			isa = PBXGroup;
			children = (
				CC5AC50F295354E50074DC46 /* WidgetExercise.entitlements */,
				CC16EC812952A71900CF7269 /* WidgetExerciseApp.swift */,
				CC16EC832952A71900CF7269 /* ContentView.swift */,
				CC16EC852952A71D00CF7269 /* Assets.xcassets */,
				CC16EC872952A71D00CF7269 /* Preview Content */,
			);
			path = WidgetExercise;
			sourceTree = "<group>";
		};
		CC16EC872952A71D00CF7269 /* Preview Content */ = {
			isa = PBXGroup;
			children = (
				CC16EC882952A71D00CF7269 /* Preview Assets.xcassets */,
			);
			path = "Preview Content";
			sourceTree = "<group>";
		};
		CC16EC942952A87B00CF7269 /* Frameworks */ = {
			isa = PBXGroup;
			children = (
				CC16EC952952A87B00CF7269 /* WidgetKit.framework */,
				CC16EC972952A87C00CF7269 /* SwiftUI.framework */,
			);
			name = Frameworks;
			sourceTree = "<group>";
		};
		CC5AC4FF2952D43E0074DC46 /* MyWidget */ = {
			isa = PBXGroup;
			children = (
				CC5AC5002952D43E0074DC46 /* MyWidgetBundle.swift */,
				CC5AC5042952D43E0074DC46 /* MyWidget.swift */,
				CC5AC5062952D4430074DC46 /* Assets.xcassets */,
				CC5AC5082952D4430074DC46 /* Info.plist */,
			);
			path = MyWidget;
			sourceTree = "<group>";
		};
/* End PBXGroup section */

/* Begin PBXNativeTarget section */
		CC16EC7D2952A71900CF7269 /* WidgetExercise */ = {
			isa = PBXNativeTarget;
			buildConfigurationList = CC16EC8C2952A71D00CF7269 /* Build configuration list for PBXNativeTarget "WidgetExercise" */;
			buildPhases = (
				CC16EC7A2952A71900CF7269 /* Sources */,
				CC16EC7B2952A71900CF7269 /* Frameworks */,
				CC16EC7C2952A71900CF7269 /* Resources */,
				CC16ECAC2952A88E00CF7269 /* Embed Foundation Extensions */,
			);
			buildRules = (
			);
			dependencies = (
				CC5AC50A2952D4430074DC46 /* PBXTargetDependency */,
			);
			name = WidgetExercise;
			productName = WidgetExercise;
			productReference = CC16EC7E2952A71900CF7269 /* WidgetExercise.app */;
			productType = "com.apple.product-type.application";
		};
		CC5AC4FB2952D43D0074DC46 /* MyWidgetExtension */ = {
			isa = PBXNativeTarget;
			buildConfigurationList = CC5AC50C2952D4430074DC46 /* Build configuration list for PBXNativeTarget "MyWidgetExtension" */;
			buildPhases = (
				CC5AC4F82952D43D0074DC46 /* Sources */,
				CC5AC4F92952D43D0074DC46 /* Frameworks */,
				CC5AC4FA2952D43D0074DC46 /* Resources */,
			);
			buildRules = (
			);
			dependencies = (
			);
			name = MyWidgetExtension;
			productName = MyWidgetExtension;
			productReference = CC5AC4FC2952D43D0074DC46 /* MyWidgetExtension.appex */;
			productType = "com.apple.product-type.app-extension";
		};
/* End PBXNativeTarget section */

/* Begin PBXProject section */
		CC16EC762952A71900CF7269 /* Project object */ = {
			isa = PBXProject;
			attributes = {
				BuildIndependentTargetsInParallel = 1;
				LastSwiftUpdateCheck = 1410;
				LastUpgradeCheck = 1410;
				TargetAttributes = {
					CC16EC7D2952A71900CF7269 = {
						CreatedOnToolsVersion = 14.1;
					};
					CC5AC4FB2952D43D0074DC46 = {
						CreatedOnToolsVersion = 14.1;
					};
				};
			};
			buildConfigurationList = CC16EC792952A71900CF7269 /* Build configuration list for PBXProject "WidgetExercise" */;
			compatibilityVersion = "Xcode 14.0";
			developmentRegion = en;
			hasScannedForEncodings = 0;
			knownRegions = (
				en,
				Base,
			);
			mainGroup = CC16EC752952A71900CF7269;
			productRefGroup = CC16EC7F2952A71900CF7269 /* Products */;
			projectDirPath = "";
			projectRoot = "";
			targets = (
				CC16EC7D2952A71900CF7269 /* WidgetExercise */,
				CC5AC4FB2952D43D0074DC46 /* MyWidgetExtension */,
			);
		};
/* End PBXProject section */

/* Begin PBXResourcesBuildPhase section */
		CC16EC7C2952A71900CF7269 /* Resources */ = {
			isa = PBXResourcesBuildPhase;
			buildActionMask = 2147483647;
			files = (
				CC16EC892952A71D00CF7269 /* Preview Assets.xcassets in Resources */,
				CC16EC862952A71D00CF7269 /* Assets.xcassets in Resources */,
			);
			runOnlyForDeploymentPostprocessing = 0;
		};
		CC5AC4FA2952D43D0074DC46 /* Resources */ = {
			isa = PBXResourcesBuildPhase;
			buildActionMask = 2147483647;
			files = (
				CC5AC5072952D4430074DC46 /* Assets.xcassets in Resources */,
			);
			runOnlyForDeploymentPostprocessing = 0;
		};
/* End PBXResourcesBuildPhase section */

/* Begin PBXSourcesBuildPhase section */
		CC16EC7A2952A71900CF7269 /* Sources */ = {
			isa = PBXSourcesBuildPhase;
			buildActionMask = 2147483647;
			files = (
				CC16EC842952A71900CF7269 /* ContentView.swift in Sources */,
				CC16EC822952A71900CF7269 /* WidgetExerciseApp.swift in Sources */,
			);
			runOnlyForDeploymentPostprocessing = 0;
		};
		CC5AC4F82952D43D0074DC46 /* Sources */ = {
			isa = PBXSourcesBuildPhase;
			buildActionMask = 2147483647;
			files = (
				CC5AC5012952D43E0074DC46 /* MyWidgetBundle.swift in Sources */,
				CC5AC5052952D43E0074DC46 /* MyWidget.swift in Sources */,
			);
			runOnlyForDeploymentPostprocessing = 0;
		};
/* End PBXSourcesBuildPhase section */

/* Begin PBXTargetDependency section */
		CC5AC50A2952D4430074DC46 /* PBXTargetDependency */ = {
			isa = PBXTargetDependency;
			target = CC5AC4FB2952D43D0074DC46 /* MyWidgetExtension */;
			targetProxy = CC5AC5092952D4430074DC46 /* PBXContainerItemProxy */;
		};
/* End PBXTargetDependency section */

/* Begin XCBuildConfiguration section */
		CC16EC8A2952A71D00CF7269 /* Debug */ = {
			isa = XCBuildConfiguration;
			buildSettings = {
				ALWAYS_SEARCH_USER_PATHS = NO;
				CLANG_ANALYZER_NONNULL = YES;
				CLANG_ANALYZER_NUMBER_OBJECT_CONVERSION = YES_AGGRESSIVE;
				CLANG_CXX_LANGUAGE_STANDARD = "gnu++20";
				CLANG_ENABLE_MODULES = YES;
				CLANG_ENABLE_OBJC_ARC = YES;
				CLANG_ENABLE_OBJC_WEAK = YES;
				CLANG_WARN_BLOCK_CAPTURE_AUTORELEASING = YES;
				CLANG_WARN_BOOL_CONVERSION = YES;
				CLANG_WARN_COMMA = YES;
				CLANG_WARN_CONSTANT_CONVERSION = YES;
				CLANG_WARN_DEPRECATED_OBJC_IMPLEMENTATIONS = YES;
				CLANG_WARN_DIRECT_OBJC_ISA_USAGE = YES_ERROR;
				CLANG_WARN_DOCUMENTATION_COMMENTS = YES;
				CLANG_WARN_EMPTY_BODY = YES;
				CLANG_WARN_ENUM_CONVERSION = YES;
				CLANG_WARN_INFINITE_RECURSION = YES;
				CLANG_WARN_INT_CONVERSION = YES;
				CLANG_WARN_NON_LITERAL_NULL_CONVERSION = YES;
				CLANG_WARN_OBJC_IMPLICIT_RETAIN_SELF = YES;
				CLANG_WARN_OBJC_LITERAL_CONVERSION = YES;
				CLANG_WARN_OBJC_ROOT_CLASS = YES_ERROR;
				CLANG_WARN_QUOTED_INCLUDE_IN_FRAMEWORK_HEADER = YES;
				CLANG_WARN_RANGE_LOOP_ANALYSIS = YES;
				CLANG_WARN_STRICT_PROTOTYPES = YES;
				CLANG_WARN_SUSPICIOUS_MOVE = YES;
				CLANG_WARN_UNGUARDED_AVAILABILITY = YES_AGGRESSIVE;
				CLANG_WARN_UNREACHABLE_CODE = YES;
				CLANG_WARN__DUPLICATE_METHOD_MATCH = YES;
				COPY_PHASE_STRIP = NO;
				DEBUG_INFORMATION_FORMAT = dwarf;
				ENABLE_STRICT_OBJC_MSGSEND = YES;
				ENABLE_TESTABILITY = YES;
				GCC_C_LANGUAGE_STANDARD = gnu11;
				GCC_DYNAMIC_NO_PIC = NO;
				GCC_NO_COMMON_BLOCKS = YES;
				GCC_OPTIMIZATION_LEVEL = 0;
				GCC_PREPROCESSOR_DEFINITIONS = (
					"DEBUG=1",
					"$(inherited)",
				);
				GCC_WARN_64_TO_32_BIT_CONVERSION = YES;
				GCC_WARN_ABOUT_RETURN_TYPE = YES_ERROR;
				GCC_WARN_UNDECLARED_SELECTOR = YES;
				GCC_WARN_UNINITIALIZED_AUTOS = YES_AGGRESSIVE;
				GCC_WARN_UNUSED_FUNCTION = YES;
				GCC_WARN_UNUSED_VARIABLE = YES;
				IPHONEOS_DEPLOYMENT_TARGET = 16.1;
				MTL_ENABLE_DEBUG_INFO = INCLUDE_SOURCE;
				MTL_FAST_MATH = YES;
				ONLY_ACTIVE_ARCH = YES;
				SDKROOT = iphoneos;
				SWIFT_ACTIVE_COMPILATION_CONDITIONS = DEBUG;
				SWIFT_OPTIMIZATION_LEVEL = "-Onone";
			};
			name = Debug;
		};
		CC16EC8B2952A71D00CF7269 /* Release */ = {
			isa = XCBuildConfiguration;
			buildSettings = {
				ALWAYS_SEARCH_USER_PATHS = NO;
				CLANG_ANALYZER_NONNULL = YES;
				CLANG_ANALYZER_NUMBER_OBJECT_CONVERSION = YES_AGGRESSIVE;
				CLANG_CXX_LANGUAGE_STANDARD = "gnu++20";
				CLANG_ENABLE_MODULES = YES;
				CLANG_ENABLE_OBJC_ARC = YES;
				CLANG_ENABLE_OBJC_WEAK = YES;
				CLANG_WARN_BLOCK_CAPTURE_AUTORELEASING = YES;
				CLANG_WARN_BOOL_CONVERSION = YES;
				CLANG_WARN_COMMA = YES;
				CLANG_WARN_CONSTANT_CONVERSION = YES;
				CLANG_WARN_DEPRECATED_OBJC_IMPLEMENTATIONS = YES;
				CLANG_WARN_DIRECT_OBJC_ISA_USAGE = YES_ERROR;
				CLANG_WARN_DOCUMENTATION_COMMENTS = YES;
				CLANG_WARN_EMPTY_BODY = YES;
				CLANG_WARN_ENUM_CONVERSION = YES;
				CLANG_WARN_INFINITE_RECURSION = YES;
				CLANG_WARN_INT_CONVERSION = YES;
				CLANG_WARN_NON_LITERAL_NULL_CONVERSION = YES;
				CLANG_WARN_OBJC_IMPLICIT_RETAIN_SELF = YES;
				CLANG_WARN_OBJC_LITERAL_CONVERSION = YES;
				CLANG_WARN_OBJC_ROOT_CLASS = YES_ERROR;
				CLANG_WARN_QUOTED_INCLUDE_IN_FRAMEWORK_HEADER = YES;
				CLANG_WARN_RANGE_LOOP_ANALYSIS = YES;
				CLANG_WARN_STRICT_PROTOTYPES = YES;
				CLANG_WARN_SUSPICIOUS_MOVE = YES;
				CLANG_WARN_UNGUARDED_AVAILABILITY = YES_AGGRESSIVE;
				CLANG_WARN_UNREACHABLE_CODE = YES;
				CLANG_WARN__DUPLICATE_METHOD_MATCH = YES;
				COPY_PHASE_STRIP = NO;
				DEBUG_INFORMATION_FORMAT = "dwarf-with-dsym";
				ENABLE_NS_ASSERTIONS = NO;
				ENABLE_STRICT_OBJC_MSGSEND = YES;
				GCC_C_LANGUAGE_STANDARD = gnu11;
				GCC_NO_COMMON_BLOCKS = YES;
				GCC_WARN_64_TO_32_BIT_CONVERSION = YES;
				GCC_WARN_ABOUT_RETURN_TYPE = YES_ERROR;
				GCC_WARN_UNDECLARED_SELECTOR = YES;
				GCC_WARN_UNINITIALIZED_AUTOS = YES_AGGRESSIVE;
				GCC_WARN_UNUSED_FUNCTION = YES;
				GCC_WARN_UNUSED_VARIABLE = YES;
				IPHONEOS_DEPLOYMENT_TARGET = 16.1;
				MTL_ENABLE_DEBUG_INFO = NO;
				MTL_FAST_MATH = YES;
				SDKROOT = iphoneos;
				SWIFT_COMPILATION_MODE = wholemodule;
				SWIFT_OPTIMIZATION_LEVEL = "-O";
				VALIDATE_PRODUCT = YES;
			};
			name = Release;
		};
		CC16EC8D2952A71D00CF7269 /* Debug */ = {
			isa = XCBuildConfiguration;
			buildSettings = {
				ALWAYS_EMBED_SWIFT_STANDARD_LIBRARIES = YES;
				ASSETCATALOG_COMPILER_APPICON_NAME = AppIcon;
				ASSETCATALOG_COMPILER_GLOBAL_ACCENT_COLOR_NAME = AccentColor;
				CODE_SIGN_ENTITLEMENTS = WidgetExercise/WidgetExercise.entitlements;
				CODE_SIGN_STYLE = Automatic;
				CURRENT_PROJECT_VERSION = 1;
				DEVELOPMENT_ASSET_PATHS = "\"WidgetExercise/Preview Content\"";
				DEVELOPMENT_TEAM = N89J7P3259;
				ENABLE_PREVIEWS = YES;
				GENERATE_INFOPLIST_FILE = YES;
				INFOPLIST_KEY_UIApplicationSceneManifest_Generation = YES;
				INFOPLIST_KEY_UIApplicationSupportsIndirectInputEvents = YES;
				INFOPLIST_KEY_UILaunchScreen_Generation = YES;
				INFOPLIST_KEY_UISupportedInterfaceOrientations_iPad = "UIInterfaceOrientationPortrait UIInterfaceOrientationPortraitUpsideDown UIInterfaceOrientationLandscapeLeft UIInterfaceOrientationLandscapeRight";
				INFOPLIST_KEY_UISupportedInterfaceOrientations_iPhone = "UIInterfaceOrientationPortrait UIInterfaceOrientationLandscapeLeft UIInterfaceOrientationLandscapeRight";
				LD_RUNPATH_SEARCH_PATHS = (
					"$(inherited)",
					"@executable_path/Frameworks",
				);
				MARKETING_VERSION = 1.0;
				PRODUCT_BUNDLE_IDENTIFIER = Lexline.WidgetExercise;
				PRODUCT_NAME = "$(TARGET_NAME)";
				SWIFT_EMIT_LOC_STRINGS = YES;
				SWIFT_VERSION = 5.0;
				TARGETED_DEVICE_FAMILY = "1,2";
			};
			name = Debug;
		};
		CC16EC8E2952A71D00CF7269 /* Release */ = {
			isa = XCBuildConfiguration;
			buildSettings = {
				ALWAYS_EMBED_SWIFT_STANDARD_LIBRARIES = YES;
				ASSETCATALOG_COMPILER_APPICON_NAME = AppIcon;
				ASSETCATALOG_COMPILER_GLOBAL_ACCENT_COLOR_NAME = AccentColor;
				CODE_SIGN_ENTITLEMENTS = WidgetExercise/WidgetExercise.entitlements;
				CODE_SIGN_STYLE = Automatic;
				CURRENT_PROJECT_VERSION = 1;
				DEVELOPMENT_ASSET_PATHS = "\"WidgetExercise/Preview Content\"";
				DEVELOPMENT_TEAM = N89J7P3259;
				ENABLE_PREVIEWS = YES;
				GENERATE_INFOPLIST_FILE = YES;
				INFOPLIST_KEY_UIApplicationSceneManifest_Generation = YES;
				INFOPLIST_KEY_UIApplicationSupportsIndirectInputEvents = YES;
				INFOPLIST_KEY_UILaunchScreen_Generation = YES;
				INFOPLIST_KEY_UISupportedInterfaceOrientations_iPad = "UIInterfaceOrientationPortrait UIInterfaceOrientationPortraitUpsideDown UIInterfaceOrientationLandscapeLeft UIInterfaceOrientationLandscapeRight";
				INFOPLIST_KEY_UISupportedInterfaceOrientations_iPhone = "UIInterfaceOrientationPortrait UIInterfaceOrientationLandscapeLeft UIInterfaceOrientationLandscapeRight";
				LD_RUNPATH_SEARCH_PATHS = (
					"$(inherited)",
					"@executable_path/Frameworks",
				);
				MARKETING_VERSION = 1.0;
				PRODUCT_BUNDLE_IDENTIFIER = Lexline.WidgetExercise;
				PRODUCT_NAME = "$(TARGET_NAME)";
				SWIFT_EMIT_LOC_STRINGS = YES;
				SWIFT_VERSION = 5.0;
				TARGETED_DEVICE_FAMILY = "1,2";
			};
			name = Release;
		};
		CC5AC50D2952D4430074DC46 /* Debug */ = {
			isa = XCBuildConfiguration;
			buildSettings = {
				ASSETCATALOG_COMPILER_GLOBAL_ACCENT_COLOR_NAME = AccentColor;
				ASSETCATALOG_COMPILER_WIDGET_BACKGROUND_COLOR_NAME = WidgetBackground;
				CODE_SIGN_ENTITLEMENTS = MyWidgetExtension.entitlements;
				CODE_SIGN_STYLE = Automatic;
				CURRENT_PROJECT_VERSION = 1;
				DEVELOPMENT_TEAM = N89J7P3259;
				GENERATE_INFOPLIST_FILE = YES;
				INFOPLIST_FILE = MyWidget/Info.plist;
				INFOPLIST_KEY_CFBundleDisplayName = MyWidget;
				INFOPLIST_KEY_NSHumanReadableCopyright = "";
				LD_RUNPATH_SEARCH_PATHS = (
					"$(inherited)",
					"@executable_path/Frameworks",
					"@executable_path/../../Frameworks",
				);
				MARKETING_VERSION = 1.0;
				PRODUCT_BUNDLE_IDENTIFIER = Lexline.WidgetExercise.MyWidget;
				PRODUCT_NAME = "$(TARGET_NAME)";
				SKIP_INSTALL = YES;
				SWIFT_EMIT_LOC_STRINGS = YES;
				SWIFT_VERSION = 5.0;
				TARGETED_DEVICE_FAMILY = "1,2";
			};
			name = Debug;
		};
		CC5AC50E2952D4430074DC46 /* Release */ = {
			isa = XCBuildConfiguration;
			buildSettings = {
				ASSETCATALOG_COMPILER_GLOBAL_ACCENT_COLOR_NAME = AccentColor;
				ASSETCATALOG_COMPILER_WIDGET_BACKGROUND_COLOR_NAME = WidgetBackground;
				CODE_SIGN_ENTITLEMENTS = MyWidgetExtension.entitlements;
				CODE_SIGN_STYLE = Automatic;
				CURRENT_PROJECT_VERSION = 1;
				DEVELOPMENT_TEAM = N89J7P3259;
				GENERATE_INFOPLIST_FILE = YES;
				INFOPLIST_FILE = MyWidget/Info.plist;
				INFOPLIST_KEY_CFBundleDisplayName = MyWidget;
				INFOPLIST_KEY_NSHumanReadableCopyright = "";
				LD_RUNPATH_SEARCH_PATHS = (
					"$(inherited)",
					"@executable_path/Frameworks",
					"@executable_path/../../Frameworks",
				);
				MARKETING_VERSION = 1.0;
				PRODUCT_BUNDLE_IDENTIFIER = Lexline.WidgetExercise.MyWidget;
				PRODUCT_NAME = "$(TARGET_NAME)";
				SKIP_INSTALL = YES;
				SWIFT_EMIT_LOC_STRINGS = YES;
				SWIFT_VERSION = 5.0;
				TARGETED_DEVICE_FAMILY = "1,2";
			};
			name = Release;
		};
/* End XCBuildConfiguration section */

/* Begin XCConfigurationList section */
		CC16EC792952A71900CF7269 /* Build configuration list for PBXProject "WidgetExercise" */ = {
			isa = XCConfigurationList;
			buildConfigurations = (
				CC16EC8A2952A71D00CF7269 /* Debug */,
				CC16EC8B2952A71D00CF7269 /* Release */,
			);
			defaultConfigurationIsVisible = 0;
			defaultConfigurationName = Release;
		};
		CC16EC8C2952A71D00CF7269 /* Build configuration list for PBXNativeTarget "WidgetExercise" */ = {
			isa = XCConfigurationList;
			buildConfigurations = (
				CC16EC8D2952A71D00CF7269 /* Debug */,
				CC16EC8E2952A71D00CF7269 /* Release */,
			);
			defaultConfigurationIsVisible = 0;
			defaultConfigurationName = Release;
		};
		CC5AC50C2952D4430074DC46 /* Build configuration list for PBXNativeTarget "MyWidgetExtension" */ = {
			isa = XCConfigurationList;
			buildConfigurations = (
				CC5AC50D2952D4430074DC46 /* Debug */,
				CC5AC50E2952D4430074DC46 /* Release */,
			);
			defaultConfigurationIsVisible = 0;
			defaultConfigurationName = Release;
		};
/* End XCConfigurationList section */
	};
	rootObject = CC16EC762952A71900CF7269 /* Project object */;
}
